
Microsoft Visual Studio Solution File, Format Version 11.00
# Visual Studio 2010
Project("{FAE04EC0-301F-11D3-BF4B-00C04F79EFBC}") = "MathLib", "src\MathLib\MathLib.csproj", "{B6DCD891-699A-4E04-98BA-565C9C7D8A64}"
EndProject
Project("{FAE04EC0-301F-11D3-BF4B-00C04F79EFBC}") = "Collision.Test", "src\UnitTests\Collision.Test.csproj", "{42A360C9-68A5-4897-90F6-21B2AD10B6E0}"
EndProject
Project("{FAE04EC0-301F-11D3-BF4B-00C04F79EFBC}") = "ITCSharp", "src\ITCSharp\ITCSharp.csproj", "{D42AA6CC-660E-48BA-921D-63BA35847DD1}"
EndProject
Project("{FAE04EC0-301F-11D3-BF4B-00C04F79EFBC}") = "ITCSharp.Test", "src\ITCSharp.Test\ITCSharp.Test.csproj", "{D0E65B31-60AC-44AF-A38E-28B89E9CAE51}"
EndProject
Project("{FAE04EC0-301F-11D3-BF4B-00C04F79EFBC}") = "Cocktail", "src\Cocktail\Cocktail.csproj", "{EDC79724-FBA0-4FD4-8EAD-6DC042175DCF}"
	ProjectSection(ProjectDependencies) = postProject
		{D42AA6CC-660E-48BA-921D-63BA35847DD1} = {D42AA6CC-660E-48BA-921D-63BA35847DD1}
	EndProjectSection
EndProject
Project("{2150E333-8FDC-42A3-9474-1A3956D46DE8}") = "(Deprecated)", "(Deprecated)", "{9C69E544-347D-4010-9A82-703454FC8B80}"
EndProject
Project("{FAE04EC0-301F-11D3-BF4B-00C04F79EFBC}") = "Skeleton", "src\Skeleton\Skeleton.csproj", "{9DD077F4-2628-477A-82D3-8738EB24B29B}"
EndProject
Project("{2150E333-8FDC-42A3-9474-1A3956D46DE8}") = "DemoFramework", "DemoFramework", "{F5EDFC49-CA10-489C-9917-33D6575B3738}"
EndProject
Project("{2150E333-8FDC-42A3-9474-1A3956D46DE8}") = "Core", "Core", "{E4301CC1-92B7-452E-8A22-67B7179C1A9A}"
EndProject
Project("{FAE04EC0-301F-11D3-BF4B-00C04F79EFBC}") = "Launcher", "src\Launcher\Launcher.csproj", "{D037F0C4-144B-443B-8DEC-14A0540BBC87}"
EndProject
Project("{FAE04EC0-301F-11D3-BF4B-00C04F79EFBC}") = "Demos", "src\Demos\Demos.csproj", "{C318BDB0-D222-47E4-8839-017459FE48F2}"
EndProject
Global
	GlobalSection(SolutionConfigurationPlatforms) = preSolution
		Debug|Any CPU = Debug|Any CPU
		Debug|Mixed Platforms = Debug|Mixed Platforms
		Debug|x86 = Debug|x86
		Release|Any CPU = Release|Any CPU
		Release|Mixed Platforms = Release|Mixed Platforms
		Release|x86 = Release|x86
	EndGlobalSection
	GlobalSection(ProjectConfigurationPlatforms) = postSolution
		{B6DCD891-699A-4E04-98BA-565C9C7D8A64}.Debug|Any CPU.ActiveCfg = Debug|Any CPU
		{B6DCD891-699A-4E04-98BA-565C9C7D8A64}.Debug|Any CPU.Build.0 = Debug|Any CPU
		{B6DCD891-699A-4E04-98BA-565C9C7D8A64}.Debug|Mixed Platforms.ActiveCfg = Debug|Any CPU
		{B6DCD891-699A-4E04-98BA-565C9C7D8A64}.Debug|Mixed Platforms.Build.0 = Debug|Any CPU
		{B6DCD891-699A-4E04-98BA-565C9C7D8A64}.Debug|x86.ActiveCfg = Debug|Any CPU
		{B6DCD891-699A-4E04-98BA-565C9C7D8A64}.Release|Any CPU.ActiveCfg = Release|Any CPU
		{B6DCD891-699A-4E04-98BA-565C9C7D8A64}.Release|Any CPU.Build.0 = Release|Any CPU
		{B6DCD891-699A-4E04-98BA-565C9C7D8A64}.Release|Mixed Platforms.ActiveCfg = Release|Any CPU
		{B6DCD891-699A-4E04-98BA-565C9C7D8A64}.Release|Mixed Platforms.Build.0 = Release|Any CPU
		{B6DCD891-699A-4E04-98BA-565C9C7D8A64}.Release|x86.ActiveCfg = Release|Any CPU
		{42A360C9-68A5-4897-90F6-21B2AD10B6E0}.Debug|Any CPU.ActiveCfg = Debug|Any CPU
		{42A360C9-68A5-4897-90F6-21B2AD10B6E0}.Debug|Any CPU.Build.0 = Debug|Any CPU
		{42A360C9-68A5-4897-90F6-21B2AD10B6E0}.Debug|Mixed Platforms.ActiveCfg = Debug|Any CPU
		{42A360C9-68A5-4897-90F6-21B2AD10B6E0}.Debug|Mixed Platforms.Build.0 = Debug|Any CPU
		{42A360C9-68A5-4897-90F6-21B2AD10B6E0}.Debug|x86.ActiveCfg = Debug|Any CPU
		{42A360C9-68A5-4897-90F6-21B2AD10B6E0}.Release|Any CPU.ActiveCfg = Release|Any CPU
		{42A360C9-68A5-4897-90F6-21B2AD10B6E0}.Release|Any CPU.Build.0 = Release|Any CPU
		{42A360C9-68A5-4897-90F6-21B2AD10B6E0}.Release|Mixed Platforms.ActiveCfg = Release|Any CPU
		{42A360C9-68A5-4897-90F6-21B2AD10B6E0}.Release|Mixed Platforms.Build.0 = Release|Any CPU
		{42A360C9-68A5-4897-90F6-21B2AD10B6E0}.Release|x86.ActiveCfg = Release|Any CPU
		{D42AA6CC-660E-48BA-921D-63BA35847DD1}.Debug|Any CPU.ActiveCfg = Debug|Any CPU
		{D42AA6CC-660E-48BA-921D-63BA35847DD1}.Debug|Any CPU.Build.0 = Debug|Any CPU
		{D42AA6CC-660E-48BA-921D-63BA35847DD1}.Debug|Mixed Platforms.ActiveCfg = Debug|Any CPU
		{D42AA6CC-660E-48BA-921D-63BA35847DD1}.Debug|Mixed Platforms.Build.0 = Debug|Any CPU
		{D42AA6CC-660E-48BA-921D-63BA35847DD1}.Debug|x86.ActiveCfg = Debug|Any CPU
		{D42AA6CC-660E-48BA-921D-63BA35847DD1}.Release|Any CPU.ActiveCfg = Release|Any CPU
		{D42AA6CC-660E-48BA-921D-63BA35847DD1}.Release|Any CPU.Build.0 = Release|Any CPU
		{D42AA6CC-660E-48BA-921D-63BA35847DD1}.Release|Mixed Platforms.ActiveCfg = Release|Any CPU
		{D42AA6CC-660E-48BA-921D-63BA35847DD1}.Release|Mixed Platforms.Build.0 = Release|Any CPU
		{D42AA6CC-660E-48BA-921D-63BA35847DD1}.Release|x86.ActiveCfg = Release|Any CPU
		{D0E65B31-60AC-44AF-A38E-28B89E9CAE51}.Debug|Any CPU.ActiveCfg = Debug|Any CPU
		{D0E65B31-60AC-44AF-A38E-28B89E9CAE51}.Debug|Any CPU.Build.0 = Debug|Any CPU
		{D0E65B31-60AC-44AF-A38E-28B89E9CAE51}.Debug|Mixed Platforms.ActiveCfg = Debug|Any CPU
		{D0E65B31-60AC-44AF-A38E-28B89E9CAE51}.Debug|Mixed Platforms.Build.0 = Debug|Any CPU
		{D0E65B31-60AC-44AF-A38E-28B89E9CAE51}.Debug|x86.ActiveCfg = Debug|Any CPU
		{D0E65B31-60AC-44AF-A38E-28B89E9CAE51}.Release|Any CPU.ActiveCfg = Release|Any CPU
		{D0E65B31-60AC-44AF-A38E-28B89E9CAE51}.Release|Any CPU.Build.0 = Release|Any CPU
		{D0E65B31-60AC-44AF-A38E-28B89E9CAE51}.Release|Mixed Platforms.ActiveCfg = Release|Any CPU
		{D0E65B31-60AC-44AF-A38E-28B89E9CAE51}.Release|Mixed Platforms.Build.0 = Release|Any CPU
		{D0E65B31-60AC-44AF-A38E-28B89E9CAE51}.Release|x86.ActiveCfg = Release|Any CPU
		{EDC79724-FBA0-4FD4-8EAD-6DC042175DCF}.Debug|Any CPU.ActiveCfg = Debug|Any CPU
		{EDC79724-FBA0-4FD4-8EAD-6DC042175DCF}.Debug|Any CPU.Build.0 = Debug|Any CPU
		{EDC79724-FBA0-4FD4-8EAD-6DC042175DCF}.Debug|Mixed Platforms.ActiveCfg = Debug|Any CPU
		{EDC79724-FBA0-4FD4-8EAD-6DC042175DCF}.Debug|Mixed Platforms.Build.0 = Debug|Any CPU
		{EDC79724-FBA0-4FD4-8EAD-6DC042175DCF}.Debug|x86.ActiveCfg = Debug|Any CPU
		{EDC79724-FBA0-4FD4-8EAD-6DC042175DCF}.Release|Any CPU.ActiveCfg = Release|Any CPU
		{EDC79724-FBA0-4FD4-8EAD-6DC042175DCF}.Release|Any CPU.Build.0 = Release|Any CPU
		{EDC79724-FBA0-4FD4-8EAD-6DC042175DCF}.Release|Mixed Platforms.ActiveCfg = Release|Any CPU
		{EDC79724-FBA0-4FD4-8EAD-6DC042175DCF}.Release|Mixed Platforms.Build.0 = Release|Any CPU
		{EDC79724-FBA0-4FD4-8EAD-6DC042175DCF}.Release|x86.ActiveCfg = Release|Any CPU
		{9DD077F4-2628-477A-82D3-8738EB24B29B}.Debug|Any CPU.ActiveCfg = Debug|Any CPU
		{9DD077F4-2628-477A-82D3-8738EB24B29B}.Debug|Any CPU.Build.0 = Debug|Any CPU
		{9DD077F4-2628-477A-82D3-8738EB24B29B}.Debug|Mixed Platforms.ActiveCfg = Debug|Any CPU
		{9DD077F4-2628-477A-82D3-8738EB24B29B}.Debug|Mixed Platforms.Build.0 = Debug|Any CPU
		{9DD077F4-2628-477A-82D3-8738EB24B29B}.Debug|x86.ActiveCfg = Debug|Any CPU
		{9DD077F4-2628-477A-82D3-8738EB24B29B}.Release|Any CPU.ActiveCfg = Release|Any CPU
		{9DD077F4-2628-477A-82D3-8738EB24B29B}.Release|Any CPU.Build.0 = Release|Any CPU
		{9DD077F4-2628-477A-82D3-8738EB24B29B}.Release|Mixed Platforms.ActiveCfg = Release|Any CPU
		{9DD077F4-2628-477A-82D3-8738EB24B29B}.Release|Mixed Platforms.Build.0 = Release|Any CPU
		{9DD077F4-2628-477A-82D3-8738EB24B29B}.Release|x86.ActiveCfg = Release|Any CPU
		{D037F0C4-144B-443B-8DEC-14A0540BBC87}.Debug|Any CPU.ActiveCfg = Debug|x86
		{D037F0C4-144B-443B-8DEC-14A0540BBC87}.Debug|Mixed Platforms.ActiveCfg = Debug|x86
		{D037F0C4-144B-443B-8DEC-14A0540BBC87}.Debug|Mixed Platforms.Build.0 = Debug|x86
		{D037F0C4-144B-443B-8DEC-14A0540BBC87}.Debug|x86.ActiveCfg = Debug|x86
		{D037F0C4-144B-443B-8DEC-14A0540BBC87}.Debug|x86.Build.0 = Debug|x86
		{D037F0C4-144B-443B-8DEC-14A0540BBC87}.Release|Any CPU.ActiveCfg = Release|x86
		{D037F0C4-144B-443B-8DEC-14A0540BBC87}.Release|Mixed Platforms.ActiveCfg = Release|x86
		{D037F0C4-144B-443B-8DEC-14A0540BBC87}.Release|Mixed Platforms.Build.0 = Release|x86
		{D037F0C4-144B-443B-8DEC-14A0540BBC87}.Release|x86.ActiveCfg = Release|x86
		{D037F0C4-144B-443B-8DEC-14A0540BBC87}.Release|x86.Build.0 = Release|x86
		{C318BDB0-D222-47E4-8839-017459FE48F2}.Debug|Any CPU.ActiveCfg = Debug|x86
		{C318BDB0-D222-47E4-8839-017459FE48F2}.Debug|Mixed Platforms.ActiveCfg = Debug|x86
		{C318BDB0-D222-47E4-8839-017459FE48F2}.Debug|Mixed Platforms.Build.0 = Debug|x86
		{C318BDB0-D222-47E4-8839-017459FE48F2}.Debug|x86.ActiveCfg = Debug|x86
		{C318BDB0-D222-47E4-8839-017459FE48F2}.Debug|x86.Build.0 = Debug|x86
		{C318BDB0-D222-47E4-8839-017459FE48F2}.Release|Any CPU.ActiveCfg = Release|x86
		{C318BDB0-D222-47E4-8839-017459FE48F2}.Release|Mixed Platforms.ActiveCfg = Release|x86
		{C318BDB0-D222-47E4-8839-017459FE48F2}.Release|Mixed Platforms.Build.0 = Release|x86
		{C318BDB0-D222-47E4-8839-017459FE48F2}.Release|x86.ActiveCfg = Release|x86
		{C318BDB0-D222-47E4-8839-017459FE48F2}.Release|x86.Build.0 = Release|x86
	EndGlobalSection
	GlobalSection(SolutionProperties) = preSolution
		HideSolutionNode = FALSE
	EndGlobalSection
	GlobalSection(NestedProjects) = preSolution
		{9DD077F4-2628-477A-82D3-8738EB24B29B} = {F5EDFC49-CA10-489C-9917-33D6575B3738}
		{D037F0C4-144B-443B-8DEC-14A0540BBC87} = {F5EDFC49-CA10-489C-9917-33D6575B3738}
		{D42AA6CC-660E-48BA-921D-63BA35847DD1} = {E4301CC1-92B7-452E-8A22-67B7179C1A9A}
		{D0E65B31-60AC-44AF-A38E-28B89E9CAE51} = {E4301CC1-92B7-452E-8A22-67B7179C1A9A}
		{EDC79724-FBA0-4FD4-8EAD-6DC042175DCF} = {E4301CC1-92B7-452E-8A22-67B7179C1A9A}
		{B6DCD891-699A-4E04-98BA-565C9C7D8A64} = {E4301CC1-92B7-452E-8A22-67B7179C1A9A}
		{42A360C9-68A5-4897-90F6-21B2AD10B6E0} = {9C69E544-347D-4010-9A82-703454FC8B80}
	EndGlobalSection
EndGlobal
